# This file was autogenerated by Stack.
# You should not edit this file by hand.
# For more information, please see the documentation at:
#   https://docs.haskellstack.org/en/stable/lock_files

packages: []
snapshots:
- completed:
    size: 423618
    url: https://raw.githubusercontent.com/commercialhaskell/stackage-snapshots/master/lts/6/7.yaml
    sha256: 31abaee0f83a5ed9d923430d8904d6bb4c4468622bf0b3ce2efd749cf5ff3b2b
  original: lts-6.7
